Microsoft Visual Studio Solution File, Format Version 12.00
# Visual Studio Version 16
VisualStudioVersion = 16.0.810.13
MinimumVisualStudioVersion = 10.0.40219.1
Project("{FAE04EC0-301F-11D3-BF4B-00C04F79EFBC}") = "GitHubUserCommits", "GitHubUserCommits\GitHubUserCommits.csproj", "{1D11812A-E7BD-4B61-A51F-30E61E4A8110}"
EndProject
Global
	GlobalSection(SolutionConfigurationPlatforms) = preSolution
		Debug|anycpu = Debug|anycpu
		Release|anycpu = Release|anycpu
	EndGlobalSection
	GlobalSection(ProjectConfigurationPlatforms) = postSolution
		{1D11812A-E7BD-4B61-A51F-30E61E4A8110}.Debug|anycpu.ActiveCfg = Debug|anycpu
		{1D11812A-E7BD-4B61-A51F-30E61E4A8110}.Debug|anycpu.Build.0 = Debug|anycpu
		{1D11812A-E7BD-4B61-A51F-30E61E4A8110}.Release|anycpu.ActiveCfg = Release|anycpu
		{1D11812A-E7BD-4B61-A51F-30E61E4A8110}.Release|anycpu.Build.0 = Release|anycpu
	EndGlobalSection
	GlobalSection(SolutionProperties) = preSolution
		HideSolutionNode = FALSE
	EndGlobalSection
	GlobalSection(ExtensibilityGlobals) = postSolution
		SolutionGuid = {ADA90D15-2798-49C7-AE05-6DDEE7B253AF}
	EndGlobalSection
EndGlobal
